
Microsoft Visual Studio Solution File, Format Version 12.00
# Visual Studio Version 16
VisualStudioVersion = 16.0.28908.199
MinimumVisualStudioVersion = 10.0.40219.1
Project("{9A19103F-16F7-4668-BE54-9A1E7A4F7556}") = "DelayHttpServer", "DelayHttpServer\DelayHttpServer.csproj", "{209DEB5F-2A8F-4353-84AF-BF2C2DE94FA7}"
EndProject
Project("{9A19103F-16F7-4668-BE54-9A1E7A4F7556}") = "BlockingHttpClient", "BlockingHttpClient\BlockingHttpClient.csproj", "{E3ED5970-1D63-4095-8D2A-F85728E707A3}"
EndProject
Project("{FAE04EC0-301F-11D3-BF4B-00C04F79EFBC}") = "HttpLoadGenerator", "HttpLoadGenerator\HttpLoadGenerator.csproj", "{6336442D-8B15-413D-AA79-0F3B22D3AE88}"
EndProject
Project("{FAE04EC0-301F-11D3-BF4B-00C04F79EFBC}") = "PassthroughHttpServer", "PassthroughHttpServer\PassthroughHttpServer.csproj", "{8BF8CA88-4D6E-48E0-BDC5-E299B369D3BA}"
EndProject
Global
	GlobalSection(SolutionConfigurationPlatforms) = preSolution
		Debug|Any CPU = Debug|Any CPU
		Release|Any CPU = Release|Any CPU
	EndGlobalSection
	GlobalSection(ProjectConfigurationPlatforms) = postSolution
		{209DEB5F-2A8F-4353-84AF-BF2C2DE94FA7}.Debug|Any CPU.ActiveCfg = Debug|Any CPU
		{209DEB5F-2A8F-4353-84AF-BF2C2DE94FA7}.Debug|Any CPU.Build.0 = Debug|Any CPU
		{209DEB5F-2A8F-4353-84AF-BF2C2DE94FA7}.Release|Any CPU.ActiveCfg = Release|Any CPU
		{209DEB5F-2A8F-4353-84AF-BF2C2DE94FA7}.Release|Any CPU.Build.0 = Release|Any CPU
		{E3ED5970-1D63-4095-8D2A-F85728E707A3}.Debug|Any CPU.ActiveCfg = Debug|Any CPU
		{E3ED5970-1D63-4095-8D2A-F85728E707A3}.Debug|Any CPU.Build.0 = Debug|Any CPU
		{E3ED5970-1D63-4095-8D2A-F85728E707A3}.Release|Any CPU.ActiveCfg = Release|Any CPU
		{E3ED5970-1D63-4095-8D2A-F85728E707A3}.Release|Any CPU.Build.0 = Release|Any CPU
		{6336442D-8B15-413D-AA79-0F3B22D3AE88}.Debug|Any CPU.ActiveCfg = Debug|Any CPU
		{6336442D-8B15-413D-AA79-0F3B22D3AE88}.Debug|Any CPU.Build.0 = Debug|Any CPU
		{6336442D-8B15-413D-AA79-0F3B22D3AE88}.Release|Any CPU.ActiveCfg = Release|Any CPU
		{6336442D-8B15-413D-AA79-0F3B22D3AE88}.Release|Any CPU.Build.0 = Release|Any CPU
		{8BF8CA88-4D6E-48E0-BDC5-E299B369D3BA}.Debug|Any CPU.ActiveCfg = Debug|Any CPU
		{8BF8CA88-4D6E-48E0-BDC5-E299B369D3BA}.Debug|Any CPU.Build.0 = Debug|Any CPU
		{8BF8CA88-4D6E-48E0-BDC5-E299B369D3BA}.Release|Any CPU.ActiveCfg = Release|Any CPU
		{8BF8CA88-4D6E-48E0-BDC5-E299B369D3BA}.Release|Any CPU.Build.0 = Release|Any CPU
	EndGlobalSection
	GlobalSection(SolutionProperties) = preSolution
		HideSolutionNode = FALSE
	EndGlobalSection
	GlobalSection(ExtensibilityGlobals) = postSolution
		SolutionGuid = {EB5A9B5B-AAAD-4D51-BC47-23EB18295754}
	EndGlobalSection
EndGlobal
